// !$*UTF8*$!
{
	archiveVersion = 1;
	classes = {
	};
	objectVersion = 50;
	objects = {

/* Begin PBXBuildFile section */
		5569676E2191698C00411AAD /* AppDelegate.swift in Sources */ = {isa = PBXBuildFile; fileRef = 5569676D2191698C00411AAD /* AppDelegate.swift */; };
		556967702191698C00411AAD /* ViewController.swift in Sources */ = {isa = PBXBuildFile; fileRef = 5569676F2191698C00411AAD /* ViewController.swift */; };
		556967732191698C00411AAD /* Main.storyboard in Resources */ = {isa = PBXBuildFile; fileRef = 556967712191698C00411AAD /* Main.storyboard */; };
		556967752191698E00411AAD /* Assets.xcassets in Resources */ = {isa = PBXBuildFile; fileRef = 556967742191698E00411AAD /* Assets.xcassets */; };
		556967782191698E00411AAD /* LaunchScreen.storyboard in Resources */ = {isa = PBXBuildFile; fileRef = 556967762191698E00411AAD /* LaunchScreen.storyboard */; };
		5569678521916AD400411AAD /* Localizable.strings in Resources */ = {isa = PBXBuildFile; fileRef = 5569678721916AD400411AAD /* Localizable.strings */; };
		5569678921916C3B00411AAD /* Localization.swift in Sources */ = {isa = PBXBuildFile; fileRef = 5569678821916C3B00411AAD /* Localization.swift */; };
/* End PBXBuildFile section */

/* Begin PBXFileReference section */
		5569676A2191698C00411AAD /* BreatheTest.app */ = {isa = PBXFileReference; explicitFileType = wrapper.application; includeInIndex = 0; path = BreatheTest.app; sourceTree = BUILT_PRODUCTS_DIR; };
		5569676D2191698C00411AAD /* AppDelegate.swift */ = {isa = PBXFileReference; lastKnownFileType = sourcecode.swift; path = AppDelegate.swift; sourceTree = "<group>"; };
		5569676F2191698C00411AAD /* ViewController.swift */ = {isa = PBXFileReference; lastKnownFileType = sourcecode.swift; path = ViewController.swift; sourceTree = "<group>"; };
		556967722191698C00411AAD /* Base */ = {isa = PBXFileReference; lastKnownFileType = file.storyboard; name = Base; path = Base.lproj/Main.storyboard; sourceTree = "<group>"; };
		556967742191698E00411AAD /* Assets.xcassets */ = {isa = PBXFileReference; lastKnownFileType = folder.assetcatalog; path = Assets.xcassets; sourceTree = "<group>"; };
		556967772191698E00411AAD /* Base */ = {isa = PBXFileReference; lastKnownFileType = file.storyboard; name = Base; path = Base.lproj/LaunchScreen.storyboard; sourceTree = "<group>"; };
		556967792191698E00411AAD /* Info.plist */ = {isa = PBXFileReference; lastKnownFileType = text.plist.xml; path = Info.plist; sourceTree = "<group>"; };
		5569678621916AD400411AAD /* en */ = {isa = PBXFileReference; lastKnownFileType = text.plist.strings; name = en; path = en.lproj/Localizable.strings; sourceTree = "<group>"; };
		5569678821916C3B00411AAD /* Localization.swift */ = {isa = PBXFileReference; fileEncoding = 4; lastKnownFileType = sourcecode.swift; path = Localization.swift; sourceTree = "<group>"; };
/* End PBXFileReference section */

/* Begin PBXFrameworksBuildPhase section */
		556967672191698C00411AAD /* Frameworks */ = {
			isa = PBXFrameworksBuildPhase;
			buildActionMask = 2147483647;
			files = (
			);
			runOnlyForDeploymentPostprocessing = 0;
		};
/* End PBXFrameworksBuildPhase section */

/* Begin PBXGroup section */
		556967612191698C00411AAD = {
			isa = PBXGroup;
			children = (
				5569676C2191698C00411AAD /* BreatheTest */,
				5569676B2191698C00411AAD /* Products */,
			);
			sourceTree = "<group>";
		};
		5569676B2191698C00411AAD /* Products */ = {
			isa = PBXGroup;
			children = (
				5569676A2191698C00411AAD /* BreatheTest.app */,
			);
			name = Products;
			sourceTree = "<group>";
		};
		5569676C2191698C00411AAD /* BreatheTest */ = {
			isa = PBXGroup;
			children = (
				5569678021916A9400411AAD /* Generated */,
				5569676D2191698C00411AAD /* AppDelegate.swift */,
				5569676F2191698C00411AAD /* ViewController.swift */,
				556967712191698C00411AAD /* Main.storyboard */,
				556967742191698E00411AAD /* Assets.xcassets */,
				556967762191698E00411AAD /* LaunchScreen.storyboard */,
				556967792191698E00411AAD /* Info.plist */,
				5569678121916AA500411AAD /* Resources */,
			);
			path = BreatheTest;
			sourceTree = "<group>";
		};
		5569678021916A9400411AAD /* Generated */ = {
			isa = PBXGroup;
			children = (
				5569678821916C3B00411AAD /* Localization.swift */,
			);
			path = Generated;
			sourceTree = "<group>";
		};
		5569678121916AA500411AAD /* Resources */ = {
			isa = PBXGroup;
			children = (
				5569678221916AB000411AAD /* Strings */,
			);
			path = Resources;
			sourceTree = "<group>";
		};
		5569678221916AB000411AAD /* Strings */ = {
			isa = PBXGroup;
			children = (
				5569678721916AD400411AAD /* Localizable.strings */,
			);
			path = Strings;
			sourceTree = "<group>";
		};
/* End PBXGroup section */

/* Begin PBXNativeTarget section */
		556967692191698C00411AAD /* BreatheTest */ = {
			isa = PBXNativeTarget;
			buildConfigurationList = 5569677C2191698E00411AAD /* Build configuration list for PBXNativeTarget "BreatheTest" */;
			buildPhases = (
				556967662191698C00411AAD /* Sources */,
				556967672191698C00411AAD /* Frameworks */,
				556967682191698C00411AAD /* Resources */,
			);
			buildRules = (
			);
			dependencies = (
			);
			name = BreatheTest;
			productName = BreatheTest;
			productReference = 5569676A2191698C00411AAD /* BreatheTest.app */;
			productType = "com.apple.product-type.application";
		};
/* End PBXNativeTarget section */

/* Begin PBXProject section */
		556967622191698C00411AAD /* Project object */ = {
			isa = PBXProject;
			attributes = {
				LastSwiftUpdateCheck = 1010;
				LastUpgradeCheck = 1010;
				ORGANIZATIONNAME = "Andrey Bogushev";
				TargetAttributes = {
					556967692191698C00411AAD = {
						CreatedOnToolsVersion = 10.1;
					};
				};
			};
			buildConfigurationList = 556967652191698C00411AAD /* Build configuration list for PBXProject "BreatheTest" */;
			compatibilityVersion = "Xcode 9.3";
			developmentRegion = en;
			hasScannedForEncodings = 0;
			knownRegions = (
				en,
				Base,
			);
			mainGroup = 556967612191698C00411AAD;
			productRefGroup = 5569676B2191698C00411AAD /* Products */;
			projectDirPath = "";
			projectRoot = "";
			targets = (
				556967692191698C00411AAD /* BreatheTest */,
			);
		};
/* End PBXProject section */

/* Begin PBXResourcesBuildPhase section */
		556967682191698C00411AAD /* Resources */ = {
			isa = PBXResourcesBuildPhase;
			buildActionMask = 2147483647;
			files = (
				556967782191698E00411AAD /* LaunchScreen.storyboard in Resources */,
				5569678521916AD400411AAD /* Localizable.strings in Resources */,
				556967752191698E00411AAD /* Assets.xcassets in Resources */,
				556967732191698C00411AAD /* Main.storyboard in Resources */,
			);
			runOnlyForDeploymentPostprocessing = 0;
		};
/* End PBXResourcesBuildPhase section */

/* Begin PBXSourcesBuildPhase section */
		556967662191698C00411AAD /* Sources */ = {
			isa = PBXSourcesBuildPhase;
			buildActionMask = 2147483647;
			files = (
				556967702191698C00411AAD /* ViewController.swift in Sources */,
				5569676E2191698C00411AAD /* AppDelegate.swift in Sources */,
				5569678921916C3B00411AAD /* Localization.swift in Sources */,
			);
			runOnlyForDeploymentPostprocessing = 0;
		};
/* End PBXSourcesBuildPhase section */

/* Begin PBXVariantGroup section */
		556967712191698C00411AAD /* Main.storyboard */ = {
			isa = PBXVariantGroup;
			children = (
				556967722191698C00411AAD /* Base */,
			);
			name = Main.storyboard;
			sourceTree = "<group>";
		};
		556967762191698E00411AAD /* LaunchScreen.storyboard */ = {
			isa = PBXVariantGroup;
			children = (
				556967772191698E00411AAD /* Base */,
			);
			name = LaunchScreen.storyboard;
			sourceTree = "<group>";
		};
		5569678721916AD400411AAD /* Localizable.strings */ = {
			isa = PBXVariantGroup;
			children = (
				5569678621916AD400411AAD /* en */,
			);
			name = Localizable.strings;
			sourceTree = "<group>";
		};
/* End PBXVariantGroup section */

/* Begin XCBuildConfiguration section */
		5569677A2191698E00411AAD /* Debug */ = {
			isa = XCBuildConfiguration;
			buildSettings = {
				ALWAYS_SEARCH_USER_PATHS = NO;
				CLANG_ANALYZER_NONNULL = YES;
				CLANG_ANALYZER_NUMBER_OBJECT_CONVERSION = YES_AGGRESSIVE;
				CLANG_CXX_LANGUAGE_STANDARD = "gnu++14";
				CLANG_CXX_LIBRARY = "libc++";
				CLANG_ENABLE_MODULES = YES;
				CLANG_ENABLE_OBJC_ARC = YES;
				CLANG_ENABLE_OBJC_WEAK = YES;
				CLANG_WARN_BLOCK_CAPTURE_AUTORELEASING = YES;
				CLANG_WARN_BOOL_CONVERSION = YES;
				CLANG_WARN_COMMA = YES;
				CLANG_WARN_CONSTANT_CONVERSION = YES;
				CLANG_WARN_DEPRECATED_OBJC_IMPLEMENTATIONS = YES;
				CLANG_WARN_DIRECT_OBJC_ISA_USAGE = YES_ERROR;
				CLANG_WARN_DOCUMENTATION_COMMENTS = YES;
				CLANG_WARN_EMPTY_BODY = YES;
				CLANG_WARN_ENUM_CONVERSION = YES;
				CLANG_WARN_INFINITE_RECURSION = YES;
				CLANG_WARN_INT_CONVERSION = YES;
				CLANG_WARN_NON_LITERAL_NULL_CONVERSION = YES;
				CLANG_WARN_OBJC_IMPLICIT_RETAIN_SELF = YES;
				CLANG_WARN_OBJC_LITERAL_CONVERSION = YES;
				CLANG_WARN_OBJC_ROOT_CLASS = YES_ERROR;
				CLANG_WARN_RANGE_LOOP_ANALYSIS = YES;
				CLANG_WARN_STRICT_PROTOTYPES = YES;
				CLANG_WARN_SUSPICIOUS_MOVE = YES;
				CLANG_WARN_UNGUARDED_AVAILABILITY = YES_AGGRESSIVE;
				CLANG_WARN_UNREACHABLE_CODE = YES;
				CLANG_WARN__DUPLICATE_METHOD_MATCH = YES;
				CODE_SIGN_IDENTITY = "iPhone Developer";
				COPY_PHASE_STRIP = NO;
				DEBUG_INFORMATION_FORMAT = dwarf;
				ENABLE_STRICT_OBJC_MSGSEND = YES;
				ENABLE_TESTABILITY = YES;
				GCC_C_LANGUAGE_STANDARD = gnu11;
				GCC_DYNAMIC_NO_PIC = NO;
				GCC_NO_COMMON_BLOCKS = YES;
				GCC_OPTIMIZATION_LEVEL = 0;
				GCC_PREPROCESSOR_DEFINITIONS = (
					"DEBUG=1",
					"$(inherited)",
				);
				GCC_WARN_64_TO_32_BIT_CONVERSION = YES;
				GCC_WARN_ABOUT_RETURN_TYPE = YES_ERROR;
				GCC_WARN_UNDECLARED_SELECTOR = YES;
				GCC_WARN_UNINITIALIZED_AUTOS = YES_AGGRESSIVE;
				GCC_WARN_UNUSED_FUNCTION = YES;
				GCC_WARN_UNUSED_VARIABLE = YES;
				IPHONEOS_DEPLOYMENT_TARGET = 12.1;
				MTL_ENABLE_DEBUG_INFO = INCLUDE_SOURCE;
				MTL_FAST_MATH = YES;
				ONLY_ACTIVE_ARCH = YES;
				SDKROOT = iphoneos;
				SWIFT_ACTIVE_COMPILATION_CONDITIONS = DEBUG;
				SWIFT_OPTIMIZATION_LEVEL = "-Onone";
			};
			name = Debug;
		};
		5569677B2191698E00411AAD /* Release */ = {
			isa = XCBuildConfiguration;
			buildSettings = {
				ALWAYS_SEARCH_USER_PATHS = NO;
				CLANG_ANALYZER_NONNULL = YES;
				CLANG_ANALYZER_NUMBER_OBJECT_CONVERSION = YES_AGGRESSIVE;
				CLANG_CXX_LANGUAGE_STANDARD = "gnu++14";
				CLANG_CXX_LIBRARY = "libc++";
				CLANG_ENABLE_MODULES = YES;
				CLANG_ENABLE_OBJC_ARC = YES;
				CLANG_ENABLE_OBJC_WEAK = YES;
				CLANG_WARN_BLOCK_CAPTURE_AUTORELEASING = YES;
				CLANG_WARN_BOOL_CONVERSION = YES;
				CLANG_WARN_COMMA = YES;
				CLANG_WARN_CONSTANT_CONVERSION = YES;
				CLANG_WARN_DEPRECATED_OBJC_IMPLEMENTATIONS = YES;
				CLANG_WARN_DIRECT_OBJC_ISA_USAGE = YES_ERROR;
				CLANG_WARN_DOCUMENTATION_COMMENTS = YES;
				CLANG_WARN_EMPTY_BODY = YES;
				CLANG_WARN_ENUM_CONVERSION = YES;
				CLANG_WARN_INFINITE_RECURSION = YES;
				CLANG_WARN_INT_CONVERSION = YES;
				CLANG_WARN_NON_LITERAL_NULL_CONVERSION = YES;
				CLANG_WARN_OBJC_IMPLICIT_RETAIN_SELF = YES;
				CLANG_WARN_OBJC_LITERAL_CONVERSION = YES;
				CLANG_WARN_OBJC_ROOT_CLASS = YES_ERROR;
				CLANG_WARN_RANGE_LOOP_ANALYSIS = YES;
				CLANG_WARN_STRICT_PROTOTYPES = YES;
				CLANG_WARN_SUSPICIOUS_MOVE = YES;
				CLANG_WARN_UNGUARDED_AVAILABILITY = YES_AGGRESSIVE;
				CLANG_WARN_UNREACHABLE_CODE = YES;
				CLANG_WARN__DUPLICATE_METHOD_MATCH = YES;
				CODE_SIGN_IDENTITY = "iPhone Developer";
				COPY_PHASE_STRIP = NO;
				DEBUG_INFORMATION_FORMAT = "dwarf-with-dsym";
				ENABLE_NS_ASSERTIONS = NO;
				ENABLE_STRICT_OBJC_MSGSEND = YES;
				GCC_C_LANGUAGE_STANDARD = gnu11;
				GCC_NO_COMMON_BLOCKS = YES;
				GCC_WARN_64_TO_32_BIT_CONVERSION = YES;
				GCC_WARN_ABOUT_RETURN_TYPE = YES_ERROR;
				GCC_WARN_UNDECLARED_SELECTOR = YES;
				GCC_WARN_UNINITIALIZED_AUTOS = YES_AGGRESSIVE;
				GCC_WARN_UNUSED_FUNCTION = YES;
				GCC_WARN_UNUSED_VARIABLE = YES;
				IPHONEOS_DEPLOYMENT_TARGET = 12.1;
				MTL_ENABLE_DEBUG_INFO = NO;
				MTL_FAST_MATH = YES;
				SDKROOT = iphoneos;
				SWIFT_COMPILATION_MODE = wholemodule;
				SWIFT_OPTIMIZATION_LEVEL = "-O";
				VALIDATE_PRODUCT = YES;
			};
			name = Release;
		};
		5569677D2191698E00411AAD /* Debug */ = {
			isa = XCBuildConfiguration;
			buildSettings = {
				ASSETCATALOG_COMPILER_APPICON_NAME = AppIcon;
				CODE_SIGN_STYLE = Automatic;
				DEVELOPMENT_TEAM = 4KX62R7QJ7;
				INFOPLIST_FILE = BreatheTest/Info.plist;
				LD_RUNPATH_SEARCH_PATHS = (
					"$(inherited)",
					"@executable_path/Frameworks",
				);
				PRODUCT_BUNDLE_IDENTIFIER = abdev.BreatheTest;
				PRODUCT_NAME = "$(TARGET_NAME)";
				SWIFT_VERSION = 4.2;
				TARGETED_DEVICE_FAMILY = "1,2";
			};
			name = Debug;
		};
		5569677E2191698E00411AAD /* Release */ = {
			isa = XCBuildConfiguration;
			buildSettings = {
				ASSETCATALOG_COMPILER_APPICON_NAME = AppIcon;
				CODE_SIGN_STYLE = Automatic;
				DEVELOPMENT_TEAM = 4KX62R7QJ7;
				INFOPLIST_FILE = BreatheTest/Info.plist;
				LD_RUNPATH_SEARCH_PATHS = (
					"$(inherited)",
					"@executable_path/Frameworks",
				);
				PRODUCT_BUNDLE_IDENTIFIER = abdev.BreatheTest;
				PRODUCT_NAME = "$(TARGET_NAME)";
				SWIFT_VERSION = 4.2;
				TARGETED_DEVICE_FAMILY = "1,2";
			};
			name = Release;
		};
/* End XCBuildConfiguration section */

/* Begin XCConfigurationList section */
		556967652191698C00411AAD /* Build configuration list for PBXProject "BreatheTest" */ = {
			isa = XCConfigurationList;
			buildConfigurations = (
				5569677A2191698E00411AAD /* Debug */,
				5569677B2191698E00411AAD /* Release */,
			);
			defaultConfigurationIsVisible = 0;
			defaultConfigurationName = Release;
		};
		5569677C2191698E00411AAD /* Build configuration list for PBXNativeTarget "BreatheTest" */ = {
			isa = XCConfigurationList;
			buildConfigurations = (
				5569677D2191698E00411AAD /* Debug */,
				5569677E2191698E00411AAD /* Release */,
			);
			defaultConfigurationIsVisible = 0;
			defaultConfigurationName = Release;
		};
/* End XCConfigurationList section */
	};
	rootObject = 556967622191698C00411AAD /* Project object */;
}
