// !$*UTF8*$!
{
	archiveVersion = 1;
	classes = {
	};
	objectVersion = 50;
	objects = {

/* Begin PBXBuildFile section */
		554217E221924DEE00285BCF /* AsyncTask.swift in Sources */ = {isa = PBXBuildFile; fileRef = 554217E121924DEE00285BCF /* AsyncTask.swift */; };
		554217E621924E3300285BCF /* Cancellable.swift in Sources */ = {isa = PBXBuildFile; fileRef = 554217E521924E3300285BCF /* Cancellable.swift */; };
		554217E821924E5C00285BCF /* SafeBox.swift in Sources */ = {isa = PBXBuildFile; fileRef = 554217E721924E5C00285BCF /* SafeBox.swift */; };
		554217EA21924EB600285BCF /* NSLocking+Extensions.swift in Sources */ = {isa = PBXBuildFile; fileRef = 554217E921924EB600285BCF /* NSLocking+Extensions.swift */; };
		554217EC21924F8D00285BCF /* Codable+Extensions.swift in Sources */ = {isa = PBXBuildFile; fileRef = 554217EB21924F8D00285BCF /* Codable+Extensions.swift */; };
		554217EE2192541800285BCF /* BundleBreathePhasesService.swift in Sources */ = {isa = PBXBuildFile; fileRef = 554217ED2192541800285BCF /* BundleBreathePhasesService.swift */; };
		554217F12192551B00285BCF /* breathe_phases.json in Resources */ = {isa = PBXBuildFile; fileRef = 554217F02192551A00285BCF /* breathe_phases.json */; };
		554218042194D5FD00285BCF /* BreatheExerciseViewController.swift in Sources */ = {isa = PBXBuildFile; fileRef = 554218032194D5FD00285BCF /* BreatheExerciseViewController.swift */; };
		554218072194D8CB00285BCF /* Presenter.swift in Sources */ = {isa = PBXBuildFile; fileRef = 554218062194D8CB00285BCF /* Presenter.swift */; };
		554218092194DC1E00285BCF /* BreatheExercisePresenter.swift in Sources */ = {isa = PBXBuildFile; fileRef = 554218082194DC1E00285BCF /* BreatheExercisePresenter.swift */; };
		5542180B2194EAE100285BCF /* BreatheExerciseAssembly.swift in Sources */ = {isa = PBXBuildFile; fileRef = 5542180A2194EAE100285BCF /* BreatheExerciseAssembly.swift */; };
		5542180D2194F01C00285BCF /* UIView+Factory.swift in Sources */ = {isa = PBXBuildFile; fileRef = 5542180C2194F01C00285BCF /* UIView+Factory.swift */; };
		5569676E2191698C00411AAD /* AppDelegate.swift in Sources */ = {isa = PBXBuildFile; fileRef = 5569676D2191698C00411AAD /* AppDelegate.swift */; };
		556967752191698E00411AAD /* Assets.xcassets in Resources */ = {isa = PBXBuildFile; fileRef = 556967742191698E00411AAD /* Assets.xcassets */; };
		556967782191698E00411AAD /* LaunchScreen.storyboard in Resources */ = {isa = PBXBuildFile; fileRef = 556967762191698E00411AAD /* LaunchScreen.storyboard */; };
		5569678521916AD400411AAD /* Localizable.strings in Resources */ = {isa = PBXBuildFile; fileRef = 5569678721916AD400411AAD /* Localizable.strings */; };
		5569678921916C3B00411AAD /* Localization.swift in Sources */ = {isa = PBXBuildFile; fileRef = 5569678821916C3B00411AAD /* Localization.swift */; };
		5569678F21916E6600411AAD /* BreathePhasesService.swift in Sources */ = {isa = PBXBuildFile; fileRef = 5569678E21916E6600411AAD /* BreathePhasesService.swift */; };
		556967922191727500411AAD /* BreathePhase.swift in Sources */ = {isa = PBXBuildFile; fileRef = 556967912191727500411AAD /* BreathePhase.swift */; };
		556967942191731800411AAD /* UIColor+Extensions.swift in Sources */ = {isa = PBXBuildFile; fileRef = 556967932191731800411AAD /* UIColor+Extensions.swift */; };
		558A29A02194F8B30059BF8E /* Layout.swift in Sources */ = {isa = PBXBuildFile; fileRef = 558A299F2194F8B30059BF8E /* Layout.swift */; };
		558A29A32194FD240059BF8E /* TimerLabel.swift in Sources */ = {isa = PBXBuildFile; fileRef = 558A29A22194FD240059BF8E /* TimerLabel.swift */; };
/* End PBXBuildFile section */

/* Begin PBXFileReference section */
		554217E121924DEE00285BCF /* AsyncTask.swift */ = {isa = PBXFileReference; lastKnownFileType = sourcecode.swift; path = AsyncTask.swift; sourceTree = "<group>"; };
		554217E521924E3300285BCF /* Cancellable.swift */ = {isa = PBXFileReference; lastKnownFileType = sourcecode.swift; path = Cancellable.swift; sourceTree = "<group>"; };
		554217E721924E5C00285BCF /* SafeBox.swift */ = {isa = PBXFileReference; lastKnownFileType = sourcecode.swift; path = SafeBox.swift; sourceTree = "<group>"; };
		554217E921924EB600285BCF /* NSLocking+Extensions.swift */ = {isa = PBXFileReference; lastKnownFileType = sourcecode.swift; path = "NSLocking+Extensions.swift"; sourceTree = "<group>"; };
		554217EB21924F8D00285BCF /* Codable+Extensions.swift */ = {isa = PBXFileReference; lastKnownFileType = sourcecode.swift; path = "Codable+Extensions.swift"; sourceTree = "<group>"; };
		554217ED2192541800285BCF /* BundleBreathePhasesService.swift */ = {isa = PBXFileReference; lastKnownFileType = sourcecode.swift; path = BundleBreathePhasesService.swift; sourceTree = "<group>"; };
		554217F02192551A00285BCF /* breathe_phases.json */ = {isa = PBXFileReference; fileEncoding = 4; lastKnownFileType = text.json; path = breathe_phases.json; sourceTree = "<group>"; };
		554218032194D5FD00285BCF /* BreatheExerciseViewController.swift */ = {isa = PBXFileReference; lastKnownFileType = sourcecode.swift; path = BreatheExerciseViewController.swift; sourceTree = "<group>"; };
		554218062194D8CB00285BCF /* Presenter.swift */ = {isa = PBXFileReference; lastKnownFileType = sourcecode.swift; path = Presenter.swift; sourceTree = "<group>"; };
		554218082194DC1E00285BCF /* BreatheExercisePresenter.swift */ = {isa = PBXFileReference; lastKnownFileType = sourcecode.swift; path = BreatheExercisePresenter.swift; sourceTree = "<group>"; };
		5542180A2194EAE100285BCF /* BreatheExerciseAssembly.swift */ = {isa = PBXFileReference; lastKnownFileType = sourcecode.swift; path = BreatheExerciseAssembly.swift; sourceTree = "<group>"; };
		5542180C2194F01C00285BCF /* UIView+Factory.swift */ = {isa = PBXFileReference; lastKnownFileType = sourcecode.swift; path = "UIView+Factory.swift"; sourceTree = "<group>"; };
		5569676A2191698C00411AAD /* BreatheTest.app */ = {isa = PBXFileReference; explicitFileType = wrapper.application; includeInIndex = 0; path = BreatheTest.app; sourceTree = BUILT_PRODUCTS_DIR; };
		5569676D2191698C00411AAD /* AppDelegate.swift */ = {isa = PBXFileReference; lastKnownFileType = sourcecode.swift; path = AppDelegate.swift; sourceTree = "<group>"; };
		556967742191698E00411AAD /* Assets.xcassets */ = {isa = PBXFileReference; lastKnownFileType = folder.assetcatalog; path = Assets.xcassets; sourceTree = "<group>"; };
		556967772191698E00411AAD /* Base */ = {isa = PBXFileReference; lastKnownFileType = file.storyboard; name = Base; path = Base.lproj/LaunchScreen.storyboard; sourceTree = "<group>"; };
		556967792191698E00411AAD /* Info.plist */ = {isa = PBXFileReference; lastKnownFileType = text.plist.xml; path = Info.plist; sourceTree = "<group>"; };
		5569678621916AD400411AAD /* en */ = {isa = PBXFileReference; lastKnownFileType = text.plist.strings; name = en; path = en.lproj/Localizable.strings; sourceTree = "<group>"; };
		5569678821916C3B00411AAD /* Localization.swift */ = {isa = PBXFileReference; fileEncoding = 4; lastKnownFileType = sourcecode.swift; path = Localization.swift; sourceTree = "<group>"; };
		5569678E21916E6600411AAD /* BreathePhasesService.swift */ = {isa = PBXFileReference; lastKnownFileType = sourcecode.swift; path = BreathePhasesService.swift; sourceTree = "<group>"; };
		556967912191727500411AAD /* BreathePhase.swift */ = {isa = PBXFileReference; lastKnownFileType = sourcecode.swift; path = BreathePhase.swift; sourceTree = "<group>"; };
		556967932191731800411AAD /* UIColor+Extensions.swift */ = {isa = PBXFileReference; lastKnownFileType = sourcecode.swift; path = "UIColor+Extensions.swift"; sourceTree = "<group>"; };
		558A299F2194F8B30059BF8E /* Layout.swift */ = {isa = PBXFileReference; lastKnownFileType = sourcecode.swift; path = Layout.swift; sourceTree = "<group>"; };
		558A29A22194FD240059BF8E /* TimerLabel.swift */ = {isa = PBXFileReference; lastKnownFileType = sourcecode.swift; path = TimerLabel.swift; sourceTree = "<group>"; };
/* End PBXFileReference section */

/* Begin PBXFrameworksBuildPhase section */
		556967672191698C00411AAD /* Frameworks */ = {
			isa = PBXFrameworksBuildPhase;
			buildActionMask = 2147483647;
			files = (
			);
			runOnlyForDeploymentPostprocessing = 0;
		};
/* End PBXFrameworksBuildPhase section */

/* Begin PBXGroup section */
		554217E021924DBC00285BCF /* AsyncTask */ = {
			isa = PBXGroup;
			children = (
				554217E121924DEE00285BCF /* AsyncTask.swift */,
				554217E521924E3300285BCF /* Cancellable.swift */,
				554217E721924E5C00285BCF /* SafeBox.swift */,
			);
			path = AsyncTask;
			sourceTree = "<group>";
		};
		554217EF219254D700285BCF /* Mocks */ = {
			isa = PBXGroup;
			children = (
				554217F02192551A00285BCF /* breathe_phases.json */,
			);
			path = Mocks;
			sourceTree = "<group>";
		};
		554218012194D45500285BCF /* UI */ = {
			isa = PBXGroup;
			children = (
				556967932191731800411AAD /* UIColor+Extensions.swift */,
				5542180C2194F01C00285BCF /* UIView+Factory.swift */,
				558A299F2194F8B30059BF8E /* Layout.swift */,
			);
			path = UI;
			sourceTree = "<group>";
		};
		554218022194D4AA00285BCF /* BreatheExercise */ = {
			isa = PBXGroup;
			children = (
				554218032194D5FD00285BCF /* BreatheExerciseViewController.swift */,
				554218082194DC1E00285BCF /* BreatheExercisePresenter.swift */,
				5542180A2194EAE100285BCF /* BreatheExerciseAssembly.swift */,
			);
			path = BreatheExercise;
			sourceTree = "<group>";
		};
		554218052194D8BD00285BCF /* Common */ = {
			isa = PBXGroup;
			children = (
				554218062194D8CB00285BCF /* Presenter.swift */,
			);
			path = Common;
			sourceTree = "<group>";
		};
		556967612191698C00411AAD = {
			isa = PBXGroup;
			children = (
				5569676C2191698C00411AAD /* BreatheTest */,
				5569676B2191698C00411AAD /* Products */,
			);
			sourceTree = "<group>";
		};
		5569676B2191698C00411AAD /* Products */ = {
			isa = PBXGroup;
			children = (
				5569676A2191698C00411AAD /* BreatheTest.app */,
			);
			name = Products;
			sourceTree = "<group>";
		};
		5569676C2191698C00411AAD /* BreatheTest */ = {
			isa = PBXGroup;
			children = (
				5569678021916A9400411AAD /* Generated */,
				5569678B21916DA500411AAD /* Services */,
				5569678C21916DB400411AAD /* Screens */,
				556967902191724F00411AAD /* Utils */,
				558A29A12194FCC00059BF8E /* Views */,
				5569676D2191698C00411AAD /* AppDelegate.swift */,
				556967742191698E00411AAD /* Assets.xcassets */,
				556967762191698E00411AAD /* LaunchScreen.storyboard */,
				556967792191698E00411AAD /* Info.plist */,
				5569678121916AA500411AAD /* Resources */,
			);
			path = BreatheTest;
			sourceTree = "<group>";
		};
		5569678021916A9400411AAD /* Generated */ = {
			isa = PBXGroup;
			children = (
				5569678821916C3B00411AAD /* Localization.swift */,
			);
			path = Generated;
			sourceTree = "<group>";
		};
		5569678121916AA500411AAD /* Resources */ = {
			isa = PBXGroup;
			children = (
				554217EF219254D700285BCF /* Mocks */,
				5569678221916AB000411AAD /* Strings */,
			);
			path = Resources;
			sourceTree = "<group>";
		};
		5569678221916AB000411AAD /* Strings */ = {
			isa = PBXGroup;
			children = (
				5569678721916AD400411AAD /* Localizable.strings */,
			);
			path = Strings;
			sourceTree = "<group>";
		};
		5569678B21916DA500411AAD /* Services */ = {
			isa = PBXGroup;
			children = (
				5569678D21916E2300411AAD /* BreathePhasesService */,
			);
			path = Services;
			sourceTree = "<group>";
		};
		5569678C21916DB400411AAD /* Screens */ = {
			isa = PBXGroup;
			children = (
				554218052194D8BD00285BCF /* Common */,
				554218022194D4AA00285BCF /* BreatheExercise */,
			);
			path = Screens;
			sourceTree = "<group>";
		};
		5569678D21916E2300411AAD /* BreathePhasesService */ = {
			isa = PBXGroup;
			children = (
				5569678E21916E6600411AAD /* BreathePhasesService.swift */,
				554217ED2192541800285BCF /* BundleBreathePhasesService.swift */,
				556967912191727500411AAD /* BreathePhase.swift */,
			);
			path = BreathePhasesService;
			sourceTree = "<group>";
		};
		556967902191724F00411AAD /* Utils */ = {
			isa = PBXGroup;
			children = (
				554217E021924DBC00285BCF /* AsyncTask */,
				554218012194D45500285BCF /* UI */,
				554217E921924EB600285BCF /* NSLocking+Extensions.swift */,
				554217EB21924F8D00285BCF /* Codable+Extensions.swift */,
			);
			path = Utils;
			sourceTree = "<group>";
		};
		558A29A12194FCC00059BF8E /* Views */ = {
			isa = PBXGroup;
			children = (
				558A29A22194FD240059BF8E /* TimerLabel.swift */,
			);
			path = Views;
			sourceTree = "<group>";
		};
/* End PBXGroup section */

/* Begin PBXNativeTarget section */
		556967692191698C00411AAD /* BreatheTest */ = {
			isa = PBXNativeTarget;
			buildConfigurationList = 5569677C2191698E00411AAD /* Build configuration list for PBXNativeTarget "BreatheTest" */;
			buildPhases = (
				556967662191698C00411AAD /* Sources */,
				556967672191698C00411AAD /* Frameworks */,
				556967682191698C00411AAD /* Resources */,
			);
			buildRules = (
			);
			dependencies = (
			);
			name = BreatheTest;
			productName = BreatheTest;
			productReference = 5569676A2191698C00411AAD /* BreatheTest.app */;
			productType = "com.apple.product-type.application";
		};
/* End PBXNativeTarget section */

/* Begin PBXProject section */
		556967622191698C00411AAD /* Project object */ = {
			isa = PBXProject;
			attributes = {
				LastSwiftUpdateCheck = 1010;
				LastUpgradeCheck = 1010;
				ORGANIZATIONNAME = "Andrey Bogushev";
				TargetAttributes = {
					556967692191698C00411AAD = {
						CreatedOnToolsVersion = 10.1;
					};
				};
			};
			buildConfigurationList = 556967652191698C00411AAD /* Build configuration list for PBXProject "BreatheTest" */;
			compatibilityVersion = "Xcode 9.3";
			developmentRegion = en;
			hasScannedForEncodings = 0;
			knownRegions = (
				en,
				Base,
			);
			mainGroup = 556967612191698C00411AAD;
			productRefGroup = 5569676B2191698C00411AAD /* Products */;
			projectDirPath = "";
			projectRoot = "";
			targets = (
				556967692191698C00411AAD /* BreatheTest */,
			);
		};
/* End PBXProject section */

/* Begin PBXResourcesBuildPhase section */
		556967682191698C00411AAD /* Resources */ = {
			isa = PBXResourcesBuildPhase;
			buildActionMask = 2147483647;
			files = (
				556967782191698E00411AAD /* LaunchScreen.storyboard in Resources */,
				5569678521916AD400411AAD /* Localizable.strings in Resources */,
				554217F12192551B00285BCF /* breathe_phases.json in Resources */,
				556967752191698E00411AAD /* Assets.xcassets in Resources */,
			);
			runOnlyForDeploymentPostprocessing = 0;
		};
/* End PBXResourcesBuildPhase section */

/* Begin PBXSourcesBuildPhase section */
		556967662191698C00411AAD /* Sources */ = {
			isa = PBXSourcesBuildPhase;
			buildActionMask = 2147483647;
			files = (
				556967942191731800411AAD /* UIColor+Extensions.swift in Sources */,
				558A29A32194FD240059BF8E /* TimerLabel.swift in Sources */,
				554217E621924E3300285BCF /* Cancellable.swift in Sources */,
				5569678F21916E6600411AAD /* BreathePhasesService.swift in Sources */,
				5542180D2194F01C00285BCF /* UIView+Factory.swift in Sources */,
				558A29A02194F8B30059BF8E /* Layout.swift in Sources */,
				554217EA21924EB600285BCF /* NSLocking+Extensions.swift in Sources */,
				5569676E2191698C00411AAD /* AppDelegate.swift in Sources */,
				554217EE2192541800285BCF /* BundleBreathePhasesService.swift in Sources */,
				556967922191727500411AAD /* BreathePhase.swift in Sources */,
				554218072194D8CB00285BCF /* Presenter.swift in Sources */,
				554217E821924E5C00285BCF /* SafeBox.swift in Sources */,
				554217E221924DEE00285BCF /* AsyncTask.swift in Sources */,
				5542180B2194EAE100285BCF /* BreatheExerciseAssembly.swift in Sources */,
				554218042194D5FD00285BCF /* BreatheExerciseViewController.swift in Sources */,
				5569678921916C3B00411AAD /* Localization.swift in Sources */,
				554218092194DC1E00285BCF /* BreatheExercisePresenter.swift in Sources */,
				554217EC21924F8D00285BCF /* Codable+Extensions.swift in Sources */,
			);
			runOnlyForDeploymentPostprocessing = 0;
		};
/* End PBXSourcesBuildPhase section */

/* Begin PBXVariantGroup section */
		556967762191698E00411AAD /* LaunchScreen.storyboard */ = {
			isa = PBXVariantGroup;
			children = (
				556967772191698E00411AAD /* Base */,
			);
			name = LaunchScreen.storyboard;
			sourceTree = "<group>";
		};
		5569678721916AD400411AAD /* Localizable.strings */ = {
			isa = PBXVariantGroup;
			children = (
				5569678621916AD400411AAD /* en */,
			);
			name = Localizable.strings;
			sourceTree = "<group>";
		};
/* End PBXVariantGroup section */

/* Begin XCBuildConfiguration section */
		5569677A2191698E00411AAD /* Debug */ = {
			isa = XCBuildConfiguration;
			buildSettings = {
				ALWAYS_SEARCH_USER_PATHS = NO;
				CLANG_ANALYZER_NONNULL = YES;
				CLANG_ANALYZER_NUMBER_OBJECT_CONVERSION = YES_AGGRESSIVE;
				CLANG_CXX_LANGUAGE_STANDARD = "gnu++14";
				CLANG_CXX_LIBRARY = "libc++";
				CLANG_ENABLE_MODULES = YES;
				CLANG_ENABLE_OBJC_ARC = YES;
				CLANG_ENABLE_OBJC_WEAK = YES;
				CLANG_WARN_BLOCK_CAPTURE_AUTORELEASING = YES;
				CLANG_WARN_BOOL_CONVERSION = YES;
				CLANG_WARN_COMMA = YES;
				CLANG_WARN_CONSTANT_CONVERSION = YES;
				CLANG_WARN_DEPRECATED_OBJC_IMPLEMENTATIONS = YES;
				CLANG_WARN_DIRECT_OBJC_ISA_USAGE = YES_ERROR;
				CLANG_WARN_DOCUMENTATION_COMMENTS = YES;
				CLANG_WARN_EMPTY_BODY = YES;
				CLANG_WARN_ENUM_CONVERSION = YES;
				CLANG_WARN_INFINITE_RECURSION = YES;
				CLANG_WARN_INT_CONVERSION = YES;
				CLANG_WARN_NON_LITERAL_NULL_CONVERSION = YES;
				CLANG_WARN_OBJC_IMPLICIT_RETAIN_SELF = YES;
				CLANG_WARN_OBJC_LITERAL_CONVERSION = YES;
				CLANG_WARN_OBJC_ROOT_CLASS = YES_ERROR;
				CLANG_WARN_RANGE_LOOP_ANALYSIS = YES;
				CLANG_WARN_STRICT_PROTOTYPES = YES;
				CLANG_WARN_SUSPICIOUS_MOVE = YES;
				CLANG_WARN_UNGUARDED_AVAILABILITY = YES_AGGRESSIVE;
				CLANG_WARN_UNREACHABLE_CODE = YES;
				CLANG_WARN__DUPLICATE_METHOD_MATCH = YES;
				CODE_SIGN_IDENTITY = "iPhone Developer";
				COPY_PHASE_STRIP = NO;
				DEBUG_INFORMATION_FORMAT = dwarf;
				ENABLE_STRICT_OBJC_MSGSEND = YES;
				ENABLE_TESTABILITY = YES;
				GCC_C_LANGUAGE_STANDARD = gnu11;
				GCC_DYNAMIC_NO_PIC = NO;
				GCC_NO_COMMON_BLOCKS = YES;
				GCC_OPTIMIZATION_LEVEL = 0;
				GCC_PREPROCESSOR_DEFINITIONS = (
					"DEBUG=1",
					"$(inherited)",
				);
				GCC_WARN_64_TO_32_BIT_CONVERSION = YES;
				GCC_WARN_ABOUT_RETURN_TYPE = YES_ERROR;
				GCC_WARN_UNDECLARED_SELECTOR = YES;
				GCC_WARN_UNINITIALIZED_AUTOS = YES_AGGRESSIVE;
				GCC_WARN_UNUSED_FUNCTION = YES;
				GCC_WARN_UNUSED_VARIABLE = YES;
				IPHONEOS_DEPLOYMENT_TARGET = 12.1;
				MTL_ENABLE_DEBUG_INFO = INCLUDE_SOURCE;
				MTL_FAST_MATH = YES;
				ONLY_ACTIVE_ARCH = YES;
				SDKROOT = iphoneos;
				SWIFT_ACTIVE_COMPILATION_CONDITIONS = DEBUG;
				SWIFT_OPTIMIZATION_LEVEL = "-Onone";
			};
			name = Debug;
		};
		5569677B2191698E00411AAD /* Release */ = {
			isa = XCBuildConfiguration;
			buildSettings = {
				ALWAYS_SEARCH_USER_PATHS = NO;
				CLANG_ANALYZER_NONNULL = YES;
				CLANG_ANALYZER_NUMBER_OBJECT_CONVERSION = YES_AGGRESSIVE;
				CLANG_CXX_LANGUAGE_STANDARD = "gnu++14";
				CLANG_CXX_LIBRARY = "libc++";
				CLANG_ENABLE_MODULES = YES;
				CLANG_ENABLE_OBJC_ARC = YES;
				CLANG_ENABLE_OBJC_WEAK = YES;
				CLANG_WARN_BLOCK_CAPTURE_AUTORELEASING = YES;
				CLANG_WARN_BOOL_CONVERSION = YES;
				CLANG_WARN_COMMA = YES;
				CLANG_WARN_CONSTANT_CONVERSION = YES;
				CLANG_WARN_DEPRECATED_OBJC_IMPLEMENTATIONS = YES;
				CLANG_WARN_DIRECT_OBJC_ISA_USAGE = YES_ERROR;
				CLANG_WARN_DOCUMENTATION_COMMENTS = YES;
				CLANG_WARN_EMPTY_BODY = YES;
				CLANG_WARN_ENUM_CONVERSION = YES;
				CLANG_WARN_INFINITE_RECURSION = YES;
				CLANG_WARN_INT_CONVERSION = YES;
				CLANG_WARN_NON_LITERAL_NULL_CONVERSION = YES;
				CLANG_WARN_OBJC_IMPLICIT_RETAIN_SELF = YES;
				CLANG_WARN_OBJC_LITERAL_CONVERSION = YES;
				CLANG_WARN_OBJC_ROOT_CLASS = YES_ERROR;
				CLANG_WARN_RANGE_LOOP_ANALYSIS = YES;
				CLANG_WARN_STRICT_PROTOTYPES = YES;
				CLANG_WARN_SUSPICIOUS_MOVE = YES;
				CLANG_WARN_UNGUARDED_AVAILABILITY = YES_AGGRESSIVE;
				CLANG_WARN_UNREACHABLE_CODE = YES;
				CLANG_WARN__DUPLICATE_METHOD_MATCH = YES;
				CODE_SIGN_IDENTITY = "iPhone Developer";
				COPY_PHASE_STRIP = NO;
				DEBUG_INFORMATION_FORMAT = "dwarf-with-dsym";
				ENABLE_NS_ASSERTIONS = NO;
				ENABLE_STRICT_OBJC_MSGSEND = YES;
				GCC_C_LANGUAGE_STANDARD = gnu11;
				GCC_NO_COMMON_BLOCKS = YES;
				GCC_WARN_64_TO_32_BIT_CONVERSION = YES;
				GCC_WARN_ABOUT_RETURN_TYPE = YES_ERROR;
				GCC_WARN_UNDECLARED_SELECTOR = YES;
				GCC_WARN_UNINITIALIZED_AUTOS = YES_AGGRESSIVE;
				GCC_WARN_UNUSED_FUNCTION = YES;
				GCC_WARN_UNUSED_VARIABLE = YES;
				IPHONEOS_DEPLOYMENT_TARGET = 12.1;
				MTL_ENABLE_DEBUG_INFO = NO;
				MTL_FAST_MATH = YES;
				SDKROOT = iphoneos;
				SWIFT_COMPILATION_MODE = wholemodule;
				SWIFT_OPTIMIZATION_LEVEL = "-O";
				VALIDATE_PRODUCT = YES;
			};
			name = Release;
		};
		5569677D2191698E00411AAD /* Debug */ = {
			isa = XCBuildConfiguration;
			buildSettings = {
				ASSETCATALOG_COMPILER_APPICON_NAME = AppIcon;
				CODE_SIGN_STYLE = Automatic;
				DEVELOPMENT_TEAM = 4KX62R7QJ7;
				INFOPLIST_FILE = BreatheTest/Info.plist;
				LD_RUNPATH_SEARCH_PATHS = (
					"$(inherited)",
					"@executable_path/Frameworks",
				);
				PRODUCT_BUNDLE_IDENTIFIER = abdev.BreatheTest;
				PRODUCT_NAME = "$(TARGET_NAME)";
				SWIFT_VERSION = 4.2;
				TARGETED_DEVICE_FAMILY = 1;
			};
			name = Debug;
		};
		5569677E2191698E00411AAD /* Release */ = {
			isa = XCBuildConfiguration;
			buildSettings = {
				ASSETCATALOG_COMPILER_APPICON_NAME = AppIcon;
				CODE_SIGN_STYLE = Automatic;
				DEVELOPMENT_TEAM = 4KX62R7QJ7;
				INFOPLIST_FILE = BreatheTest/Info.plist;
				LD_RUNPATH_SEARCH_PATHS = (
					"$(inherited)",
					"@executable_path/Frameworks",
				);
				PRODUCT_BUNDLE_IDENTIFIER = abdev.BreatheTest;
				PRODUCT_NAME = "$(TARGET_NAME)";
				SWIFT_VERSION = 4.2;
				TARGETED_DEVICE_FAMILY = 1;
			};
			name = Release;
		};
/* End XCBuildConfiguration section */

/* Begin XCConfigurationList section */
		556967652191698C00411AAD /* Build configuration list for PBXProject "BreatheTest" */ = {
			isa = XCConfigurationList;
			buildConfigurations = (
				5569677A2191698E00411AAD /* Debug */,
				5569677B2191698E00411AAD /* Release */,
			);
			defaultConfigurationIsVisible = 0;
			defaultConfigurationName = Release;
		};
		5569677C2191698E00411AAD /* Build configuration list for PBXNativeTarget "BreatheTest" */ = {
			isa = XCConfigurationList;
			buildConfigurations = (
				5569677D2191698E00411AAD /* Debug */,
				5569677E2191698E00411AAD /* Release */,
			);
			defaultConfigurationIsVisible = 0;
			defaultConfigurationName = Release;
		};
/* End XCConfigurationList section */
	};
	rootObject = 556967622191698C00411AAD /* Project object */;
}
